{
  "name": "reddisetgo",
  "version": "0.0.1",
  "lockfileVersion": 2,
  "requires": true,
  "packages": {
    "": {
      "name": "reddisetgo",
      "version": "0.0.1",
      "license": "CC0 1.0 Universal",
      "workspaces": [
        "packages/*",
        "apps/*",
        "frontends/*",
        "services/*"
      ]
    }
  }
}
